
Microsoft Visual Studio Solution File, Format Version 12.00
# Visual Studio Version 16
VisualStudioVersion = 16.0.30523.141
MinimumVisualStudioVersion = 10.0.40219.1
Project("{9A19103F-16F7-4668-BE54-9A1E7A4F7556}") = "NetSync", "NetSync\NetSync.csproj", "{3BF7736C-7346-4041-A756-E88A084DFE04}"
EndProject
Project("{9A19103F-16F7-4668-BE54-9A1E7A4F7556}") = "Test", "QueueTest\Test.csproj", "{8469B594-48F6-4136-9905-795B166BC809}"
EndProject
Global
	GlobalSection(SolutionConfigurationPlatforms) = preSolution
		Debug|Any CPU = Debug|Any CPU
		Release|Any CPU = Release|Any CPU
	EndGlobalSection
	GlobalSection(ProjectConfigurationPlatforms) = postSolution
		{3BF7736C-7346-4041-A756-E88A084DFE04}.Debug|Any CPU.ActiveCfg = Debug|Any CPU
		{3BF7736C-7346-4041-A756-E88A084DFE04}.Debug|Any CPU.Build.0 = Debug|Any CPU
		{3BF7736C-7346-4041-A756-E88A084DFE04}.Release|Any CPU.ActiveCfg = Release|Any CPU
		{3BF7736C-7346-4041-A756-E88A084DFE04}.Release|Any CPU.Build.0 = Release|Any CPU
		{8469B594-48F6-4136-9905-795B166BC809}.Debug|Any CPU.ActiveCfg = Debug|Any CPU
		{8469B594-48F6-4136-9905-795B166BC809}.Debug|Any CPU.Build.0 = Debug|Any CPU
		{8469B594-48F6-4136-9905-795B166BC809}.Release|Any CPU.ActiveCfg = Release|Any CPU
		{8469B594-48F6-4136-9905-795B166BC809}.Release|Any CPU.Build.0 = Release|Any CPU
	EndGlobalSection
	GlobalSection(SolutionProperties) = preSolution
		HideSolutionNode = FALSE
	EndGlobalSection
	GlobalSection(ExtensibilityGlobals) = postSolution
		SolutionGuid = {BD5E31CF-3A84-43E7-A074-336F4B37D102}
	EndGlobalSection
EndGlobal
